{
  "requires": true,
  "lockfileVersion": 1,
  "dependencies": {
    "element-resize-event": {
      "version": "2.0.9",
      "resolved": "https://registry.npmjs.org/element-resize-event/-/element-resize-event-2.0.9.tgz",
      "integrity": "sha1-L14VgaKW61J1IQwUG8VjQuIY+HY="
    },
    "isarray": {
      "version": "0.0.1",
      "resolved": "https://registry.npmjs.org/isarray/-/isarray-0.0.1.tgz",
      "integrity": "sha1-ihis/Kmo9Bd+Cav8YDiTmwXR7t8="
    },
    "object-assign": {
      "version": "2.1.1",
      "resolved": "https://registry.npmjs.org/object-assign/-/object-assign-2.1.1.tgz",
      "integrity": "sha1-Q8NuXVaf+OSBbE76i+AtJpZ8GKo="
    },
    "react-component-gallery": {
      "version": "1.2.1",
      "resolved": "https://registry.npmjs.org/react-component-gallery/-/react-component-gallery-1.2.1.tgz",
      "integrity": "sha1-suvT9WyJ8I09/rRUKV0esGmqmE0=",
      "requires": {
        "isarray": "0.0.1",
        "object-assign": "2.1.1",
        "react-component-width-mixin": "1.1.8"
      }
    },
    "react-component-width-mixin": {
      "version": "1.1.8",
      "resolved": "https://registry.npmjs.org/react-component-width-mixin/-/react-component-width-mixin-1.1.8.tgz",
      "integrity": "sha1-yPta3Ts5KtgUQv/s6qpl/2HIyU0=",
      "requires": {
        "element-resize-event": "2.0.9"
      }
    }
  }
}
